// !$*UTF8*$!
{
	archiveVersion = 1;
	classes = {
	};
	objectVersion = 55;
	objects = {

/* Begin PBXBuildFile section */
		0238AE44663AC7B91E9ED6EC /* Pods_flash__macOS_.framework in Frameworks */ = {isa = PBXBuildFile; fileRef = 73CBA450A4A2136BB15598A7 /* Pods_flash__macOS_.framework */; };
		50022142281BAE38009D9A4E /* EntryList.swift in Sources */ = {isa = PBXBuildFile; fileRef = 50022141281BAE38009D9A4E /* EntryList.swift */; };
		50022145281BAE4B009D9A4E /* Entry.swift in Sources */ = {isa = PBXBuildFile; fileRef = 50022144281BAE4B009D9A4E /* Entry.swift */; };
		50022146281BAE4B009D9A4E /* Entry.swift in Sources */ = {isa = PBXBuildFile; fileRef = 50022144281BAE4B009D9A4E /* Entry.swift */; };
		5002214B281C0220009D9A4E /* EntryEditor.swift in Sources */ = {isa = PBXBuildFile; fileRef = 5002214A281C0220009D9A4E /* EntryEditor.swift */; };
		5002214E281D7145009D9A4E /* EntryRow.swift in Sources */ = {isa = PBXBuildFile; fileRef = 5002214D281D7145009D9A4E /* EntryRow.swift */; };
		50022152281D72B7009D9A4E /* Extentions.swift in Sources */ = {isa = PBXBuildFile; fileRef = 50022151281D72B7009D9A4E /* Extentions.swift */; };
		50022153281D72B7009D9A4E /* Extentions.swift in Sources */ = {isa = PBXBuildFile; fileRef = 50022151281D72B7009D9A4E /* Extentions.swift */; };
		50022156281D8C7D009D9A4E /* Home.swift in Sources */ = {isa = PBXBuildFile; fileRef = 50022155281D8C7D009D9A4E /* Home.swift */; };
		50022159281D8CD0009D9A4E /* EmptyEntry.swift in Sources */ = {isa = PBXBuildFile; fileRef = 50022158281D8CD0009D9A4E /* EmptyEntry.swift */; };
		5002216C2821217D009D9A4E /* EntryDetail.swift in Sources */ = {isa = PBXBuildFile; fileRef = 5002216B2821217D009D9A4E /* EntryDetail.swift */; };
		501D9993282C0B09009022E0 /* IconButton.swift in Sources */ = {isa = PBXBuildFile; fileRef = 501D9992282C0B09009022E0 /* IconButton.swift */; };
		501D999C282C8AF0009022E0 /* EntryReplies.swift in Sources */ = {isa = PBXBuildFile; fileRef = 501D999B282C8AF0009022E0 /* EntryReplies.swift */; };
		505BA7692838921000796AA6 /* Entry.swift in Sources */ = {isa = PBXBuildFile; fileRef = 50022144281BAE4B009D9A4E /* Entry.swift */; };
		505BA76A2838921500796AA6 /* RealmManager.swift in Sources */ = {isa = PBXBuildFile; fileRef = 50D9C3582826328300AC4E89 /* RealmManager.swift */; };
		505BA76C2839D96D00796AA6 /* ImageProcessor.swift in Sources */ = {isa = PBXBuildFile; fileRef = 508F1400282E1A7E006C92DB /* ImageProcessor.swift */; };
		505BA76D2839D97900796AA6 /* Extentions.swift in Sources */ = {isa = PBXBuildFile; fileRef = 50022151281D72B7009D9A4E /* Extentions.swift */; };
		50696FDC2836283500CB464A /* UpdateEditor.swift in Sources */ = {isa = PBXBuildFile; fileRef = 50696FDB2836283500CB464A /* UpdateEditor.swift */; };
		50696FF9283874FE00CB464A /* ShareViewController.swift in Sources */ = {isa = PBXBuildFile; fileRef = 50696FF8283874FE00CB464A /* ShareViewController.swift */; };
		50696FFC283874FE00CB464A /* MainInterface.storyboard in Resources */ = {isa = PBXBuildFile; fileRef = 50696FFA283874FE00CB464A /* MainInterface.storyboard */; };
		50697000283874FE00CB464A /* Share.appex in Embed App Extensions */ = {isa = PBXBuildFile; fileRef = 50696FF6283874FE00CB464A /* Share.appex */; settings = {ATTRIBUTES = (RemoveHeadersOnCopy, ); }; };
		507EE7402832695600FB7589 /* Thumbnail.swift in Sources */ = {isa = PBXBuildFile; fileRef = 507EE73F2832695600FB7589 /* Thumbnail.swift */; };
		508F1401282E1A7E006C92DB /* ImageProcessor.swift in Sources */ = {isa = PBXBuildFile; fileRef = 508F1400282E1A7E006C92DB /* ImageProcessor.swift */; };
		508F1402282E1A7E006C92DB /* ImageProcessor.swift in Sources */ = {isa = PBXBuildFile; fileRef = 508F1400282E1A7E006C92DB /* ImageProcessor.swift */; };
		509497452834C38F00A778E5 /* ImagePreviewList.swift in Sources */ = {isa = PBXBuildFile; fileRef = 509497442834C38F00A778E5 /* ImagePreviewList.swift */; };
		50AC43E6281BACEA0033E148 /* Tests_RealmManager.swift in Sources */ = {isa = PBXBuildFile; fileRef = 50AC43E5281BACEA0033E148 /* Tests_RealmManager.swift */; };
		50AC43E8281BACEA0033E148 /* Tests_iOSLaunchTests.swift in Sources */ = {isa = PBXBuildFile; fileRef = 50AC43E7281BACEA0033E148 /* Tests_iOSLaunchTests.swift */; };
		50AC43F2281BACEA0033E148 /* Tests_macOS.swift in Sources */ = {isa = PBXBuildFile; fileRef = 50AC43F1281BACEA0033E148 /* Tests_macOS.swift */; };
		50AC43F4281BACEA0033E148 /* Tests_macOSLaunchTests.swift in Sources */ = {isa = PBXBuildFile; fileRef = 50AC43F3281BACEA0033E148 /* Tests_macOSLaunchTests.swift */; };
		50AC43F5281BACEA0033E148 /* flashApp.swift in Sources */ = {isa = PBXBuildFile; fileRef = 50AC43CD281BACE90033E148 /* flashApp.swift */; };
		50AC43F6281BACEA0033E148 /* flashApp.swift in Sources */ = {isa = PBXBuildFile; fileRef = 50AC43CD281BACE90033E148 /* flashApp.swift */; };
		50AC43F9281BACEA0033E148 /* Assets.xcassets in Resources */ = {isa = PBXBuildFile; fileRef = 50AC43CF281BACEA0033E148 /* Assets.xcassets */; };
		50AC43FA281BACEA0033E148 /* Assets.xcassets in Resources */ = {isa = PBXBuildFile; fileRef = 50AC43CF281BACEA0033E148 /* Assets.xcassets */; };
		50CD797C283DFAA5008EFD9A /* Entry.swift in Sources */ = {isa = PBXBuildFile; fileRef = 50022144281BAE4B009D9A4E /* Entry.swift */; };
		50CD797D283DFAAB008EFD9A /* RealmManager.swift in Sources */ = {isa = PBXBuildFile; fileRef = 50D9C3582826328300AC4E89 /* RealmManager.swift */; };
		50CD797E283DFAD3008EFD9A /* Extentions.swift in Sources */ = {isa = PBXBuildFile; fileRef = 50022151281D72B7009D9A4E /* Extentions.swift */; };
		50CD797F283DFAD6008EFD9A /* ImageProcessor.swift in Sources */ = {isa = PBXBuildFile; fileRef = 508F1400282E1A7E006C92DB /* ImageProcessor.swift */; };
		50D9C3592826328300AC4E89 /* RealmManager.swift in Sources */ = {isa = PBXBuildFile; fileRef = 50D9C3582826328300AC4E89 /* RealmManager.swift */; };
		50D9C35A2826328300AC4E89 /* RealmManager.swift in Sources */ = {isa = PBXBuildFile; fileRef = 50D9C3582826328300AC4E89 /* RealmManager.swift */; };
		50D9C3602826C14000AC4E89 /* EntryContent.swift in Sources */ = {isa = PBXBuildFile; fileRef = 50D9C35F2826C14000AC4E89 /* EntryContent.swift */; };
		50D9C3632826C35C00AC4E89 /* Thread.swift in Sources */ = {isa = PBXBuildFile; fileRef = 50D9C3622826C35C00AC4E89 /* Thread.swift */; };
		50D9C36928276F4700AC4E89 /* EntryList.swift in Sources */ = {isa = PBXBuildFile; fileRef = 50D9C36828276F4700AC4E89 /* EntryList.swift */; };
		50D9C36D2827706800AC4E89 /* Home.swift in Sources */ = {isa = PBXBuildFile; fileRef = 50022155281D8C7D009D9A4E /* Home.swift */; };
		50D9C36F282770ED00AC4E89 /* EntryEditor.swift in Sources */ = {isa = PBXBuildFile; fileRef = 50D9C36E282770ED00AC4E89 /* EntryEditor.swift */; };
		50D9C3702827781300AC4E89 /* EntryDetail.swift in Sources */ = {isa = PBXBuildFile; fileRef = 5002216B2821217D009D9A4E /* EntryDetail.swift */; };
		50D9C3712827782100AC4E89 /* EntryContent.swift in Sources */ = {isa = PBXBuildFile; fileRef = 50D9C35F2826C14000AC4E89 /* EntryContent.swift */; };
		50D9C3722827785700AC4E89 /* Thread.swift in Sources */ = {isa = PBXBuildFile; fileRef = 50D9C3622826C35C00AC4E89 /* Thread.swift */; };
		50D9C373282778E000AC4E89 /* EntryRow.swift in Sources */ = {isa = PBXBuildFile; fileRef = 5002214D281D7145009D9A4E /* EntryRow.swift */; };
		50D9C3762828D59000AC4E89 /* SendButton.swift in Sources */ = {isa = PBXBuildFile; fileRef = 50D9C3752828D59000AC4E89 /* SendButton.swift */; };
		50D9C3782828DBE800AC4E89 /* EditorViewModel.swift in Sources */ = {isa = PBXBuildFile; fileRef = 50D9C3772828DBE800AC4E89 /* EditorViewModel.swift */; };
		50D9C37D2828F1FD00AC4E89 /* PickImageButton.swift in Sources */ = {isa = PBXBuildFile; fileRef = 50D9C37C2828F1FD00AC4E89 /* PickImageButton.swift */; };
		50D9C3802828FBEE00AC4E89 /* TextInput.swift in Sources */ = {isa = PBXBuildFile; fileRef = 50D9C37F2828FBEE00AC4E89 /* TextInput.swift */; };
		50D9C384282A292100AC4E89 /* ImagePickerView.swift in Sources */ = {isa = PBXBuildFile; fileRef = 50D9C383282A292100AC4E89 /* ImagePickerView.swift */; };
		6CB8BFC6F0ECEFAAA610E95C /* Pods_Share.framework in Frameworks */ = {isa = PBXBuildFile; fileRef = DF0C6AA4E79AB9BCFAE75500 /* Pods_Share.framework */; };
		72BD6F42DC1A0762113F599A /* Pods_Tests_iOS.framework in Frameworks */ = {isa = PBXBuildFile; fileRef = EED47241E9CE5F2F5DFDEF14 /* Pods_Tests_iOS.framework */; };
		FE1024C62FA6A13A0428BA61 /* Pods_flash__iOS_.framework in Frameworks */ = {isa = PBXBuildFile; fileRef = E40F544452B39D2EBD4FFC07 /* Pods_flash__iOS_.framework */; };
/* End PBXBuildFile section */

/* Begin PBXContainerItemProxy section */
		50696FFE283874FE00CB464A /* PBXContainerItemProxy */ = {
			isa = PBXContainerItemProxy;
			containerPortal = 50AC43C8281BACE90033E148 /* Project object */;
			proxyType = 1;
			remoteGlobalIDString = 50696FF5283874FE00CB464A;
			remoteInfo = Share;
		};
		50AC43E2281BACEA0033E148 /* PBXContainerItemProxy */ = {
			isa = PBXContainerItemProxy;
			containerPortal = 50AC43C8281BACE90033E148 /* Project object */;
			proxyType = 1;
			remoteGlobalIDString = 50AC43D3281BACEA0033E148;
			remoteInfo = "flash (iOS)";
		};
		50AC43EE281BACEA0033E148 /* PBXContainerItemProxy */ = {
			isa = PBXContainerItemProxy;
			containerPortal = 50AC43C8281BACE90033E148 /* Project object */;
			proxyType = 1;
			remoteGlobalIDString = 50AC43D9281BACEA0033E148;
			remoteInfo = "flash (macOS)";
		};
/* End PBXContainerItemProxy section */

/* Begin PBXCopyFilesBuildPhase section */
		50696FF12838014F00CB464A /* Embed App Extensions */ = {
			isa = PBXCopyFilesBuildPhase;
			buildActionMask = 2147483647;
			dstPath = "";
			dstSubfolderSpec = 13;
			files = (
				50697000283874FE00CB464A /* Share.appex in Embed App Extensions */,
			);
			name = "Embed App Extensions";
			runOnlyForDeploymentPostprocessing = 0;
		};
/* End PBXCopyFilesBuildPhase section */

/* Begin PBXFileReference section */
		24E6407F1067C08E6823F33C /* Pods-Share.release.xcconfig */ = {isa = PBXFileReference; includeInIndex = 1; lastKnownFileType = text.xcconfig; name = "Pods-Share.release.xcconfig"; path = "Target Support Files/Pods-Share/Pods-Share.release.xcconfig"; sourceTree = "<group>"; };
		2B3B462F179DAEAAEE4DA42E /* Pods-Tests iOS.release.xcconfig */ = {isa = PBXFileReference; includeInIndex = 1; lastKnownFileType = text.xcconfig; name = "Pods-Tests iOS.release.xcconfig"; path = "Target Support Files/Pods-Tests iOS/Pods-Tests iOS.release.xcconfig"; sourceTree = "<group>"; };
		50022141281BAE38009D9A4E /* EntryList.swift */ = {isa = PBXFileReference; lastKnownFileType = sourcecode.swift; path = EntryList.swift; sourceTree = "<group>"; };
		50022144281BAE4B009D9A4E /* Entry.swift */ = {isa = PBXFileReference; lastKnownFileType = sourcecode.swift; path = Entry.swift; sourceTree = "<group>"; };
		5002214A281C0220009D9A4E /* EntryEditor.swift */ = {isa = PBXFileReference; lastKnownFileType = sourcecode.swift; path = EntryEditor.swift; sourceTree = "<group>"; };
		5002214D281D7145009D9A4E /* EntryRow.swift */ = {isa = PBXFileReference; lastKnownFileType = sourcecode.swift; path = EntryRow.swift; sourceTree = "<group>"; };
		50022151281D72B7009D9A4E /* Extentions.swift */ = {isa = PBXFileReference; lastKnownFileType = sourcecode.swift; path = Extentions.swift; sourceTree = "<group>"; };
		50022155281D8C7D009D9A4E /* Home.swift */ = {isa = PBXFileReference; lastKnownFileType = sourcecode.swift; path = Home.swift; sourceTree = "<group>"; };
		50022158281D8CD0009D9A4E /* EmptyEntry.swift */ = {isa = PBXFileReference; lastKnownFileType = sourcecode.swift; path = EmptyEntry.swift; sourceTree = "<group>"; };
		5002216B2821217D009D9A4E /* EntryDetail.swift */ = {isa = PBXFileReference; lastKnownFileType = sourcecode.swift; path = EntryDetail.swift; sourceTree = "<group>"; };
		501D9992282C0B09009022E0 /* IconButton.swift */ = {isa = PBXFileReference; lastKnownFileType = sourcecode.swift; path = IconButton.swift; sourceTree = "<group>"; };
		501D999B282C8AF0009022E0 /* EntryReplies.swift */ = {isa = PBXFileReference; lastKnownFileType = sourcecode.swift; path = EntryReplies.swift; sourceTree = "<group>"; };
		505BA7672838879500796AA6 /* flash--iOS--Info.plist */ = {isa = PBXFileReference; lastKnownFileType = text.plist; path = "flash--iOS--Info.plist"; sourceTree = "<group>"; };
		505BA768283887FD00796AA6 /* flash (iOS)Release.entitlements */ = {isa = PBXFileReference; lastKnownFileType = text.plist.entitlements; path = "flash (iOS)Release.entitlements"; sourceTree = "<group>"; };
		505BA76B2839CE8000796AA6 /* Share.entitlements */ = {isa = PBXFileReference; lastKnownFileType = text.plist.entitlements; path = Share.entitlements; sourceTree = "<group>"; };
		50696FDB2836283500CB464A /* UpdateEditor.swift */ = {isa = PBXFileReference; lastKnownFileType = sourcecode.swift; path = UpdateEditor.swift; sourceTree = "<group>"; };
		50696FF6283874FE00CB464A /* Share.appex */ = {isa = PBXFileReference; explicitFileType = "wrapper.app-extension"; includeInIndex = 0; path = Share.appex; sourceTree = BUILT_PRODUCTS_DIR; };
		50696FF8283874FE00CB464A /* ShareViewController.swift */ = {isa = PBXFileReference; lastKnownFileType = sourcecode.swift; path = ShareViewController.swift; sourceTree = "<group>"; };
		50696FFB283874FE00CB464A /* Base */ = {isa = PBXFileReference; lastKnownFileType = file.storyboard; name = Base; path = Base.lproj/MainInterface.storyboard; sourceTree = "<group>"; };
		50696FFD283874FE00CB464A /* Info.plist */ = {isa = PBXFileReference; lastKnownFileType = text.plist.xml; path = Info.plist; sourceTree = "<group>"; };
		507EE73F2832695600FB7589 /* Thumbnail.swift */ = {isa = PBXFileReference; lastKnownFileType = sourcecode.swift; path = Thumbnail.swift; sourceTree = "<group>"; };
		508F1400282E1A7E006C92DB /* ImageProcessor.swift */ = {isa = PBXFileReference; lastKnownFileType = sourcecode.swift; path = ImageProcessor.swift; sourceTree = "<group>"; };
		509497442834C38F00A778E5 /* ImagePreviewList.swift */ = {isa = PBXFileReference; lastKnownFileType = sourcecode.swift; path = ImagePreviewList.swift; sourceTree = "<group>"; };
		50AC43CD281BACE90033E148 /* flashApp.swift */ = {isa = PBXFileReference; lastKnownFileType = sourcecode.swift; path = flashApp.swift; sourceTree = "<group>"; };
		50AC43CF281BACEA0033E148 /* Assets.xcassets */ = {isa = PBXFileReference; lastKnownFileType = folder.assetcatalog; path = Assets.xcassets; sourceTree = "<group>"; };
		50AC43D4281BACEA0033E148 /* flash.app */ = {isa = PBXFileReference; explicitFileType = wrapper.application; includeInIndex = 0; path = flash.app; sourceTree = BUILT_PRODUCTS_DIR; };
		50AC43DA281BACEA0033E148 /* flash.app */ = {isa = PBXFileReference; explicitFileType = wrapper.application; includeInIndex = 0; path = flash.app; sourceTree = BUILT_PRODUCTS_DIR; };
		50AC43DC281BACEA0033E148 /* macOS.entitlements */ = {isa = PBXFileReference; lastKnownFileType = text.plist.entitlements; path = macOS.entitlements; sourceTree = "<group>"; };
		50AC43E1281BACEA0033E148 /* Tests iOS.xctest */ = {isa = PBXFileReference; explicitFileType = wrapper.cfbundle; includeInIndex = 0; path = "Tests iOS.xctest"; sourceTree = BUILT_PRODUCTS_DIR; };
		50AC43E5281BACEA0033E148 /* Tests_RealmManager.swift */ = {isa = PBXFileReference; lastKnownFileType = sourcecode.swift; path = Tests_RealmManager.swift; sourceTree = "<group>"; };
		50AC43E7281BACEA0033E148 /* Tests_iOSLaunchTests.swift */ = {isa = PBXFileReference; lastKnownFileType = sourcecode.swift; path = Tests_iOSLaunchTests.swift; sourceTree = "<group>"; };
		50AC43ED281BACEA0033E148 /* Tests macOS.xctest */ = {isa = PBXFileReference; explicitFileType = wrapper.cfbundle; includeInIndex = 0; path = "Tests macOS.xctest"; sourceTree = BUILT_PRODUCTS_DIR; };
		50AC43F1281BACEA0033E148 /* Tests_macOS.swift */ = {isa = PBXFileReference; lastKnownFileType = sourcecode.swift; path = Tests_macOS.swift; sourceTree = "<group>"; };
		50AC43F3281BACEA0033E148 /* Tests_macOSLaunchTests.swift */ = {isa = PBXFileReference; lastKnownFileType = sourcecode.swift; path = Tests_macOSLaunchTests.swift; sourceTree = "<group>"; };
		50D9C3582826328300AC4E89 /* RealmManager.swift */ = {isa = PBXFileReference; lastKnownFileType = sourcecode.swift; name = RealmManager.swift; path = Shared/Manager/RealmManager.swift; sourceTree = SOURCE_ROOT; };
		50D9C35F2826C14000AC4E89 /* EntryContent.swift */ = {isa = PBXFileReference; lastKnownFileType = sourcecode.swift; path = EntryContent.swift; sourceTree = "<group>"; };
		50D9C3622826C35C00AC4E89 /* Thread.swift */ = {isa = PBXFileReference; lastKnownFileType = sourcecode.swift; path = Thread.swift; sourceTree = "<group>"; };
		50D9C36828276F4700AC4E89 /* EntryList.swift */ = {isa = PBXFileReference; lastKnownFileType = sourcecode.swift; path = EntryList.swift; sourceTree = "<group>"; };
		50D9C36E282770ED00AC4E89 /* EntryEditor.swift */ = {isa = PBXFileReference; lastKnownFileType = sourcecode.swift; path = EntryEditor.swift; sourceTree = "<group>"; };
		50D9C3752828D59000AC4E89 /* SendButton.swift */ = {isa = PBXFileReference; lastKnownFileType = sourcecode.swift; path = SendButton.swift; sourceTree = "<group>"; };
		50D9C3772828DBE800AC4E89 /* EditorViewModel.swift */ = {isa = PBXFileReference; lastKnownFileType = sourcecode.swift; path = EditorViewModel.swift; sourceTree = "<group>"; };
		50D9C37C2828F1FD00AC4E89 /* PickImageButton.swift */ = {isa = PBXFileReference; lastKnownFileType = sourcecode.swift; path = PickImageButton.swift; sourceTree = "<group>"; };
		50D9C37F2828FBEE00AC4E89 /* TextInput.swift */ = {isa = PBXFileReference; lastKnownFileType = sourcecode.swift; path = TextInput.swift; sourceTree = "<group>"; };
		50D9C383282A292100AC4E89 /* ImagePickerView.swift */ = {isa = PBXFileReference; lastKnownFileType = sourcecode.swift; path = ImagePickerView.swift; sourceTree = "<group>"; };
		54734CB2C02CE687BEE3B0AB /* Pods-flash (macOS).debug.xcconfig */ = {isa = PBXFileReference; includeInIndex = 1; lastKnownFileType = text.xcconfig; name = "Pods-flash (macOS).debug.xcconfig"; path = "Target Support Files/Pods-flash (macOS)/Pods-flash (macOS).debug.xcconfig"; sourceTree = "<group>"; };
		6BC0FC6FC3738DFB84D13D01 /* Pods-flash (iOS).debug.xcconfig */ = {isa = PBXFileReference; includeInIndex = 1; lastKnownFileType = text.xcconfig; name = "Pods-flash (iOS).debug.xcconfig"; path = "Target Support Files/Pods-flash (iOS)/Pods-flash (iOS).debug.xcconfig"; sourceTree = "<group>"; };
		73CBA450A4A2136BB15598A7 /* Pods_flash__macOS_.framework */ = {isa = PBXFileReference; explicitFileType = wrapper.framework; includeInIndex = 0; path = Pods_flash__macOS_.framework; sourceTree = BUILT_PRODUCTS_DIR; };
		882C4A8389D9EBB9FB57A751 /* Pods-Tests iOS.debug.xcconfig */ = {isa = PBXFileReference; includeInIndex = 1; lastKnownFileType = text.xcconfig; name = "Pods-Tests iOS.debug.xcconfig"; path = "Target Support Files/Pods-Tests iOS/Pods-Tests iOS.debug.xcconfig"; sourceTree = "<group>"; };
		91F6FD985F953BC0AD1B3302 /* Pods-flash (iOS).release.xcconfig */ = {isa = PBXFileReference; includeInIndex = 1; lastKnownFileType = text.xcconfig; name = "Pods-flash (iOS).release.xcconfig"; path = "Target Support Files/Pods-flash (iOS)/Pods-flash (iOS).release.xcconfig"; sourceTree = "<group>"; };
		C5B70B03FF1D518950C36326 /* Pods-Share.debug.xcconfig */ = {isa = PBXFileReference; includeInIndex = 1; lastKnownFileType = text.xcconfig; name = "Pods-Share.debug.xcconfig"; path = "Target Support Files/Pods-Share/Pods-Share.debug.xcconfig"; sourceTree = "<group>"; };
		DA6AEA625262CD78947A09B4 /* Pods-flash (macOS).release.xcconfig */ = {isa = PBXFileReference; includeInIndex = 1; lastKnownFileType = text.xcconfig; name = "Pods-flash (macOS).release.xcconfig"; path = "Target Support Files/Pods-flash (macOS)/Pods-flash (macOS).release.xcconfig"; sourceTree = "<group>"; };
		DF0C6AA4E79AB9BCFAE75500 /* Pods_Share.framework */ = {isa = PBXFileReference; explicitFileType = wrapper.framework; includeInIndex = 0; path = Pods_Share.framework; sourceTree = BUILT_PRODUCTS_DIR; };
		E40F544452B39D2EBD4FFC07 /* Pods_flash__iOS_.framework */ = {isa = PBXFileReference; explicitFileType = wrapper.framework; includeInIndex = 0; path = Pods_flash__iOS_.framework; sourceTree = BUILT_PRODUCTS_DIR; };
		EED47241E9CE5F2F5DFDEF14 /* Pods_Tests_iOS.framework */ = {isa = PBXFileReference; explicitFileType = wrapper.framework; includeInIndex = 0; path = Pods_Tests_iOS.framework; sourceTree = BUILT_PRODUCTS_DIR; };
/* End PBXFileReference section */

/* Begin PBXFrameworksBuildPhase section */
		50696FF3283874FE00CB464A /* Frameworks */ = {
			isa = PBXFrameworksBuildPhase;
			buildActionMask = 2147483647;
			files = (
				6CB8BFC6F0ECEFAAA610E95C /* Pods_Share.framework in Frameworks */,
			);
			runOnlyForDeploymentPostprocessing = 0;
		};
		50AC43D1281BACEA0033E148 /* Frameworks */ = {
			isa = PBXFrameworksBuildPhase;
			buildActionMask = 2147483647;
			files = (
				FE1024C62FA6A13A0428BA61 /* Pods_flash__iOS_.framework in Frameworks */,
			);
			runOnlyForDeploymentPostprocessing = 0;
		};
		50AC43D7281BACEA0033E148 /* Frameworks */ = {
			isa = PBXFrameworksBuildPhase;
			buildActionMask = 2147483647;
			files = (
				0238AE44663AC7B91E9ED6EC /* Pods_flash__macOS_.framework in Frameworks */,
			);
			runOnlyForDeploymentPostprocessing = 0;
		};
		50AC43DE281BACEA0033E148 /* Frameworks */ = {
			isa = PBXFrameworksBuildPhase;
			buildActionMask = 2147483647;
			files = (
				72BD6F42DC1A0762113F599A /* Pods_Tests_iOS.framework in Frameworks */,
			);
			runOnlyForDeploymentPostprocessing = 0;
		};
		50AC43EA281BACEA0033E148 /* Frameworks */ = {
			isa = PBXFrameworksBuildPhase;
			buildActionMask = 2147483647;
			files = (
			);
			runOnlyForDeploymentPostprocessing = 0;
		};
/* End PBXFrameworksBuildPhase section */

/* Begin PBXGroup section */
		0FA1797C043550F37C8A4529 /* Frameworks */ = {
			isa = PBXGroup;
			children = (
				E40F544452B39D2EBD4FFC07 /* Pods_flash__iOS_.framework */,
				73CBA450A4A2136BB15598A7 /* Pods_flash__macOS_.framework */,
				DF0C6AA4E79AB9BCFAE75500 /* Pods_Share.framework */,
				EED47241E9CE5F2F5DFDEF14 /* Pods_Tests_iOS.framework */,
			);
			name = Frameworks;
			sourceTree = "<group>";
		};
		4B656B9D6A115E3AD2899AF0 /* Pods */ = {
			isa = PBXGroup;
			children = (
				6BC0FC6FC3738DFB84D13D01 /* Pods-flash (iOS).debug.xcconfig */,
				91F6FD985F953BC0AD1B3302 /* Pods-flash (iOS).release.xcconfig */,
				54734CB2C02CE687BEE3B0AB /* Pods-flash (macOS).debug.xcconfig */,
				DA6AEA625262CD78947A09B4 /* Pods-flash (macOS).release.xcconfig */,
				C5B70B03FF1D518950C36326 /* Pods-Share.debug.xcconfig */,
				24E6407F1067C08E6823F33C /* Pods-Share.release.xcconfig */,
				882C4A8389D9EBB9FB57A751 /* Pods-Tests iOS.debug.xcconfig */,
				2B3B462F179DAEAAEE4DA42E /* Pods-Tests iOS.release.xcconfig */,
			);
			path = Pods;
			sourceTree = "<group>";
		};
		5002213D281BADFE009D9A4E /* Model */ = {
			isa = PBXGroup;
			children = (
				50022144281BAE4B009D9A4E /* Entry.swift */,
			);
			path = Model;
			sourceTree = "<group>";
		};
		5002213E281BAE06009D9A4E /* View */ = {
			isa = PBXGroup;
			children = (
				50022155281D8C7D009D9A4E /* Home.swift */,
				50022154281D8521009D9A4E /* Entry */,
				50D9C3742828D2D100AC4E89 /* Editor */,
			);
			path = View;
			sourceTree = "<group>";
		};
		50022150281D729E009D9A4E /* Helper */ = {
			isa = PBXGroup;
			children = (
				50022151281D72B7009D9A4E /* Extentions.swift */,
				508F1400282E1A7E006C92DB /* ImageProcessor.swift */,
			);
			path = Helper;
			sourceTree = "<group>";
		};
		50022154281D8521009D9A4E /* Entry */ = {
			isa = PBXGroup;
			children = (
				50D9C35D2826C11500AC4E89 /* List */,
				501D9991282BE48A009022E0 /* Image */,
				50D9C35E2826C12500AC4E89 /* Detail */,
				50696FDA2836281500CB464A /* UpdateEntry */,
			);
			path = Entry;
			sourceTree = "<group>";
		};
		501D9991282BE48A009022E0 /* Image */ = {
			isa = PBXGroup;
			children = (
				507EE73F2832695600FB7589 /* Thumbnail.swift */,
				50D9C383282A292100AC4E89 /* ImagePickerView.swift */,
			);
			path = Image;
			sourceTree = "<group>";
		};
		50696FDA2836281500CB464A /* UpdateEntry */ = {
			isa = PBXGroup;
			children = (
				50696FDB2836283500CB464A /* UpdateEditor.swift */,
			);
			path = UpdateEntry;
			sourceTree = "<group>";
		};
		50696FF7283874FE00CB464A /* Share */ = {
			isa = PBXGroup;
			children = (
				505BA76B2839CE8000796AA6 /* Share.entitlements */,
				50696FF8283874FE00CB464A /* ShareViewController.swift */,
				50696FFA283874FE00CB464A /* MainInterface.storyboard */,
				50696FFD283874FE00CB464A /* Info.plist */,
			);
			path = Share;
			sourceTree = "<group>";
		};
		50AC43C7281BACE90033E148 = {
			isa = PBXGroup;
			children = (
				505BA768283887FD00796AA6 /* flash (iOS)Release.entitlements */,
				505BA7672838879500796AA6 /* flash--iOS--Info.plist */,
				50AC43CC281BACE90033E148 /* Shared */,
				50AC43DB281BACEA0033E148 /* macOS */,
				50AC43E4281BACEA0033E148 /* Tests iOS */,
				50AC43F0281BACEA0033E148 /* Tests macOS */,
				50696FF7283874FE00CB464A /* Share */,
				50AC43D5281BACEA0033E148 /* Products */,
				4B656B9D6A115E3AD2899AF0 /* Pods */,
				0FA1797C043550F37C8A4529 /* Frameworks */,
			);
			sourceTree = "<group>";
		};
		50AC43CC281BACE90033E148 /* Shared */ = {
			isa = PBXGroup;
			children = (
				50AC43CD281BACE90033E148 /* flashApp.swift */,
				5002213D281BADFE009D9A4E /* Model */,
				5002213E281BAE06009D9A4E /* View */,
				50D9C35B2826396C00AC4E89 /* Manager */,
				50022150281D729E009D9A4E /* Helper */,
				50AC43CF281BACEA0033E148 /* Assets.xcassets */,
			);
			path = Shared;
			sourceTree = "<group>";
		};
		50AC43D5281BACEA0033E148 /* Products */ = {
			isa = PBXGroup;
			children = (
				50AC43D4281BACEA0033E148 /* flash.app */,
				50AC43DA281BACEA0033E148 /* flash.app */,
				50AC43E1281BACEA0033E148 /* Tests iOS.xctest */,
				50AC43ED281BACEA0033E148 /* Tests macOS.xctest */,
				50696FF6283874FE00CB464A /* Share.appex */,
			);
			name = Products;
			sourceTree = "<group>";
		};
		50AC43DB281BACEA0033E148 /* macOS */ = {
			isa = PBXGroup;
			children = (
				50D9C36A28276F5200AC4E89 /* Entry */,
				50AC43DC281BACEA0033E148 /* macOS.entitlements */,
			);
			path = macOS;
			sourceTree = "<group>";
		};
		50AC43E4281BACEA0033E148 /* Tests iOS */ = {
			isa = PBXGroup;
			children = (
				50AC43E5281BACEA0033E148 /* Tests_RealmManager.swift */,
				50AC43E7281BACEA0033E148 /* Tests_iOSLaunchTests.swift */,
			);
			path = "Tests iOS";
			sourceTree = "<group>";
		};
		50AC43F0281BACEA0033E148 /* Tests macOS */ = {
			isa = PBXGroup;
			children = (
				50AC43F1281BACEA0033E148 /* Tests_macOS.swift */,
				50AC43F3281BACEA0033E148 /* Tests_macOSLaunchTests.swift */,
			);
			path = "Tests macOS";
			sourceTree = "<group>";
		};
		50D9C35B2826396C00AC4E89 /* Manager */ = {
			isa = PBXGroup;
			children = (
				50D9C3582826328300AC4E89 /* RealmManager.swift */,
			);
			path = Manager;
			sourceTree = "<group>";
		};
		50D9C35D2826C11500AC4E89 /* List */ = {
			isa = PBXGroup;
			children = (
				50022141281BAE38009D9A4E /* EntryList.swift */,
				50022158281D8CD0009D9A4E /* EmptyEntry.swift */,
				5002214D281D7145009D9A4E /* EntryRow.swift */,
			);
			path = List;
			sourceTree = "<group>";
		};
		50D9C35E2826C12500AC4E89 /* Detail */ = {
			isa = PBXGroup;
			children = (
				5002216B2821217D009D9A4E /* EntryDetail.swift */,
				501D999B282C8AF0009022E0 /* EntryReplies.swift */,
				50D9C35F2826C14000AC4E89 /* EntryContent.swift */,
				50D9C3622826C35C00AC4E89 /* Thread.swift */,
			);
			path = Detail;
			sourceTree = "<group>";
		};
		50D9C36A28276F5200AC4E89 /* Entry */ = {
			isa = PBXGroup;
			children = (
				50D9C36828276F4700AC4E89 /* EntryList.swift */,
				50D9C36E282770ED00AC4E89 /* EntryEditor.swift */,
			);
			path = Entry;
			sourceTree = "<group>";
		};
		50D9C3742828D2D100AC4E89 /* Editor */ = {
			isa = PBXGroup;
			children = (
				5002214A281C0220009D9A4E /* EntryEditor.swift */,
				509497442834C38F00A778E5 /* ImagePreviewList.swift */,
				50D9C37F2828FBEE00AC4E89 /* TextInput.swift */,
				50D9C37C2828F1FD00AC4E89 /* PickImageButton.swift */,
				50D9C3752828D59000AC4E89 /* SendButton.swift */,
				501D9992282C0B09009022E0 /* IconButton.swift */,
				50D9C3772828DBE800AC4E89 /* EditorViewModel.swift */,
			);
			path = Editor;
			sourceTree = "<group>";
		};
/* End PBXGroup section */

/* Begin PBXNativeTarget section */
		50696FF5283874FE00CB464A /* Share */ = {
			isa = PBXNativeTarget;
			buildConfigurationList = 50697001283874FE00CB464A /* Build configuration list for PBXNativeTarget "Share" */;
			buildPhases = (
				486C8B55FBBFDE14B3BA112C /* [CP] Check Pods Manifest.lock */,
				50696FF2283874FE00CB464A /* Sources */,
				50696FF3283874FE00CB464A /* Frameworks */,
				50696FF4283874FE00CB464A /* Resources */,
			);
			buildRules = (
			);
			dependencies = (
			);
			name = Share;
			productName = Share;
			productReference = 50696FF6283874FE00CB464A /* Share.appex */;
			productType = "com.apple.product-type.app-extension";
		};
		50AC43D3281BACEA0033E148 /* flash (iOS) */ = {
			isa = PBXNativeTarget;
			buildConfigurationList = 50AC43FD281BACEA0033E148 /* Build configuration list for PBXNativeTarget "flash (iOS)" */;
			buildPhases = (
				94B86DCE56B1F26C1871F004 /* [CP] Check Pods Manifest.lock */,
				50AC43D0281BACEA0033E148 /* Sources */,
				50AC43D1281BACEA0033E148 /* Frameworks */,
				50AC43D2281BACEA0033E148 /* Resources */,
				E506FA8AE4D801FBDAA49E2E /* [CP] Embed Pods Frameworks */,
				50696FF12838014F00CB464A /* Embed App Extensions */,
			);
			buildRules = (
			);
			dependencies = (
				50696FFF283874FE00CB464A /* PBXTargetDependency */,
			);
			name = "flash (iOS)";
			productName = "flash (iOS)";
			productReference = 50AC43D4281BACEA0033E148 /* flash.app */;
			productType = "com.apple.product-type.application";
		};
		50AC43D9281BACEA0033E148 /* flash (macOS) */ = {
			isa = PBXNativeTarget;
			buildConfigurationList = 50AC4400281BACEA0033E148 /* Build configuration list for PBXNativeTarget "flash (macOS)" */;
			buildPhases = (
				BFB0825F2246D02EDD83D675 /* [CP] Check Pods Manifest.lock */,
				50AC43D6281BACEA0033E148 /* Sources */,
				50AC43D7281BACEA0033E148 /* Frameworks */,
				50AC43D8281BACEA0033E148 /* Resources */,
				7D225789315CDCF7AC623BDE /* [CP] Embed Pods Frameworks */,
			);
			buildRules = (
			);
			dependencies = (
			);
			name = "flash (macOS)";
			productName = "flash (macOS)";
			productReference = 50AC43DA281BACEA0033E148 /* flash.app */;
			productType = "com.apple.product-type.application";
		};
		50AC43E0281BACEA0033E148 /* Tests iOS */ = {
			isa = PBXNativeTarget;
			buildConfigurationList = 50AC4403281BACEA0033E148 /* Build configuration list for PBXNativeTarget "Tests iOS" */;
			buildPhases = (
				1DB3D9ED3FA5D3C214CC6442 /* [CP] Check Pods Manifest.lock */,
				50AC43DD281BACEA0033E148 /* Sources */,
				50AC43DE281BACEA0033E148 /* Frameworks */,
				50AC43DF281BACEA0033E148 /* Resources */,
				B0DCC5D917154FC60A384487 /* [CP] Embed Pods Frameworks */,
			);
			buildRules = (
			);
			dependencies = (
				50AC43E3281BACEA0033E148 /* PBXTargetDependency */,
			);
			name = "Tests iOS";
			productName = "Tests iOS";
			productReference = 50AC43E1281BACEA0033E148 /* Tests iOS.xctest */;
			productType = "com.apple.product-type.bundle.ui-testing";
		};
		50AC43EC281BACEA0033E148 /* Tests macOS */ = {
			isa = PBXNativeTarget;
			buildConfigurationList = 50AC4406281BACEA0033E148 /* Build configuration list for PBXNativeTarget "Tests macOS" */;
			buildPhases = (
				50AC43E9281BACEA0033E148 /* Sources */,
				50AC43EA281BACEA0033E148 /* Frameworks */,
				50AC43EB281BACEA0033E148 /* Resources */,
			);
			buildRules = (
			);
			dependencies = (
				50AC43EF281BACEA0033E148 /* PBXTargetDependency */,
			);
			name = "Tests macOS";
			productName = "Tests macOS";
			productReference = 50AC43ED281BACEA0033E148 /* Tests macOS.xctest */;
			productType = "com.apple.product-type.bundle.ui-testing";
		};
/* End PBXNativeTarget section */

/* Begin PBXProject section */
		50AC43C8281BACE90033E148 /* Project object */ = {
			isa = PBXProject;
			attributes = {
				BuildIndependentTargetsInParallel = 1;
				LastSwiftUpdateCheck = 1340;
				LastUpgradeCheck = 1340;
				TargetAttributes = {
					50696FF5283874FE00CB464A = {
						CreatedOnToolsVersion = 13.4;
					};
					50AC43D3281BACEA0033E148 = {
						CreatedOnToolsVersion = 13.3.1;
					};
					50AC43D9281BACEA0033E148 = {
						CreatedOnToolsVersion = 13.3.1;
					};
					50AC43E0281BACEA0033E148 = {
						CreatedOnToolsVersion = 13.3.1;
						TestTargetID = 50AC43D3281BACEA0033E148;
					};
					50AC43EC281BACEA0033E148 = {
						CreatedOnToolsVersion = 13.3.1;
						TestTargetID = 50AC43D9281BACEA0033E148;
					};
				};
			};
			buildConfigurationList = 50AC43CB281BACE90033E148 /* Build configuration list for PBXProject "flash" */;
			compatibilityVersion = "Xcode 13.0";
			developmentRegion = en;
			hasScannedForEncodings = 0;
			knownRegions = (
				en,
				Base,
			);
			mainGroup = 50AC43C7281BACE90033E148;
			productRefGroup = 50AC43D5281BACEA0033E148 /* Products */;
			projectDirPath = "";
			projectRoot = "";
			targets = (
				50AC43D3281BACEA0033E148 /* flash (iOS) */,
				50AC43D9281BACEA0033E148 /* flash (macOS) */,
				50AC43E0281BACEA0033E148 /* Tests iOS */,
				50AC43EC281BACEA0033E148 /* Tests macOS */,
				50696FF5283874FE00CB464A /* Share */,
			);
		};
/* End PBXProject section */

/* Begin PBXResourcesBuildPhase section */
		50696FF4283874FE00CB464A /* Resources */ = {
			isa = PBXResourcesBuildPhase;
			buildActionMask = 2147483647;
			files = (
				50696FFC283874FE00CB464A /* MainInterface.storyboard in Resources */,
			);
			runOnlyForDeploymentPostprocessing = 0;
		};
		50AC43D2281BACEA0033E148 /* Resources */ = {
			isa = PBXResourcesBuildPhase;
			buildActionMask = 2147483647;
			files = (
				50AC43F9281BACEA0033E148 /* Assets.xcassets in Resources */,
			);
			runOnlyForDeploymentPostprocessing = 0;
		};
		50AC43D8281BACEA0033E148 /* Resources */ = {
			isa = PBXResourcesBuildPhase;
			buildActionMask = 2147483647;
			files = (
				50AC43FA281BACEA0033E148 /* Assets.xcassets in Resources */,
			);
			runOnlyForDeploymentPostprocessing = 0;
		};
		50AC43DF281BACEA0033E148 /* Resources */ = {
			isa = PBXResourcesBuildPhase;
			buildActionMask = 2147483647;
			files = (
			);
			runOnlyForDeploymentPostprocessing = 0;
		};
		50AC43EB281BACEA0033E148 /* Resources */ = {
			isa = PBXResourcesBuildPhase;
			buildActionMask = 2147483647;
			files = (
			);
			runOnlyForDeploymentPostprocessing = 0;
		};
/* End PBXResourcesBuildPhase section */

/* Begin PBXShellScriptBuildPhase section */
		1DB3D9ED3FA5D3C214CC6442 /* [CP] Check Pods Manifest.lock */ = {
			isa = PBXShellScriptBuildPhase;
			buildActionMask = 2147483647;
			files = (
			);
			inputFileListPaths = (
			);
			inputPaths = (
				"${PODS_PODFILE_DIR_PATH}/Podfile.lock",
				"${PODS_ROOT}/Manifest.lock",
			);
			name = "[CP] Check Pods Manifest.lock";
			outputFileListPaths = (
			);
			outputPaths = (
				"$(DERIVED_FILE_DIR)/Pods-Tests iOS-checkManifestLockResult.txt",
			);
			runOnlyForDeploymentPostprocessing = 0;
			shellPath = /bin/sh;
			shellScript = "diff \"${PODS_PODFILE_DIR_PATH}/Podfile.lock\" \"${PODS_ROOT}/Manifest.lock\" > /dev/null\nif [ $? != 0 ] ; then\n    # print error to STDERR\n    echo \"error: The sandbox is not in sync with the Podfile.lock. Run 'pod install' or update your CocoaPods installation.\" >&2\n    exit 1\nfi\n# This output is used by Xcode 'outputs' to avoid re-running this script phase.\necho \"SUCCESS\" > \"${SCRIPT_OUTPUT_FILE_0}\"\n";
			showEnvVarsInLog = 0;
		};
		486C8B55FBBFDE14B3BA112C /* [CP] Check Pods Manifest.lock */ = {
			isa = PBXShellScriptBuildPhase;
			buildActionMask = 2147483647;
			files = (
			);
			inputFileListPaths = (
			);
			inputPaths = (
				"${PODS_PODFILE_DIR_PATH}/Podfile.lock",
				"${PODS_ROOT}/Manifest.lock",
			);
			name = "[CP] Check Pods Manifest.lock";
			outputFileListPaths = (
			);
			outputPaths = (
				"$(DERIVED_FILE_DIR)/Pods-Share-checkManifestLockResult.txt",
			);
			runOnlyForDeploymentPostprocessing = 0;
			shellPath = /bin/sh;
			shellScript = "diff \"${PODS_PODFILE_DIR_PATH}/Podfile.lock\" \"${PODS_ROOT}/Manifest.lock\" > /dev/null\nif [ $? != 0 ] ; then\n    # print error to STDERR\n    echo \"error: The sandbox is not in sync with the Podfile.lock. Run 'pod install' or update your CocoaPods installation.\" >&2\n    exit 1\nfi\n# This output is used by Xcode 'outputs' to avoid re-running this script phase.\necho \"SUCCESS\" > \"${SCRIPT_OUTPUT_FILE_0}\"\n";
			showEnvVarsInLog = 0;
		};
		7D225789315CDCF7AC623BDE /* [CP] Embed Pods Frameworks */ = {
			isa = PBXShellScriptBuildPhase;
			buildActionMask = 2147483647;
			files = (
			);
			inputFileListPaths = (
				"${PODS_ROOT}/Target Support Files/Pods-flash (macOS)/Pods-flash (macOS)-frameworks-${CONFIGURATION}-input-files.xcfilelist",
			);
			name = "[CP] Embed Pods Frameworks";
			outputFileListPaths = (
				"${PODS_ROOT}/Target Support Files/Pods-flash (macOS)/Pods-flash (macOS)-frameworks-${CONFIGURATION}-output-files.xcfilelist",
			);
			runOnlyForDeploymentPostprocessing = 0;
			shellPath = /bin/sh;
			shellScript = "\"${PODS_ROOT}/Target Support Files/Pods-flash (macOS)/Pods-flash (macOS)-frameworks.sh\"\n";
			showEnvVarsInLog = 0;
		};
		94B86DCE56B1F26C1871F004 /* [CP] Check Pods Manifest.lock */ = {
			isa = PBXShellScriptBuildPhase;
			buildActionMask = 2147483647;
			files = (
			);
			inputFileListPaths = (
			);
			inputPaths = (
				"${PODS_PODFILE_DIR_PATH}/Podfile.lock",
				"${PODS_ROOT}/Manifest.lock",
			);
			name = "[CP] Check Pods Manifest.lock";
			outputFileListPaths = (
			);
			outputPaths = (
				"$(DERIVED_FILE_DIR)/Pods-flash (iOS)-checkManifestLockResult.txt",
			);
			runOnlyForDeploymentPostprocessing = 0;
			shellPath = /bin/sh;
			shellScript = "diff \"${PODS_PODFILE_DIR_PATH}/Podfile.lock\" \"${PODS_ROOT}/Manifest.lock\" > /dev/null\nif [ $? != 0 ] ; then\n    # print error to STDERR\n    echo \"error: The sandbox is not in sync with the Podfile.lock. Run 'pod install' or update your CocoaPods installation.\" >&2\n    exit 1\nfi\n# This output is used by Xcode 'outputs' to avoid re-running this script phase.\necho \"SUCCESS\" > \"${SCRIPT_OUTPUT_FILE_0}\"\n";
			showEnvVarsInLog = 0;
		};
		B0DCC5D917154FC60A384487 /* [CP] Embed Pods Frameworks */ = {
			isa = PBXShellScriptBuildPhase;
			buildActionMask = 2147483647;
			files = (
			);
			inputFileListPaths = (
				"${PODS_ROOT}/Target Support Files/Pods-Tests iOS/Pods-Tests iOS-frameworks-${CONFIGURATION}-input-files.xcfilelist",
			);
			name = "[CP] Embed Pods Frameworks";
			outputFileListPaths = (
				"${PODS_ROOT}/Target Support Files/Pods-Tests iOS/Pods-Tests iOS-frameworks-${CONFIGURATION}-output-files.xcfilelist",
			);
			runOnlyForDeploymentPostprocessing = 0;
			shellPath = /bin/sh;
			shellScript = "\"${PODS_ROOT}/Target Support Files/Pods-Tests iOS/Pods-Tests iOS-frameworks.sh\"\n";
			showEnvVarsInLog = 0;
		};
		BFB0825F2246D02EDD83D675 /* [CP] Check Pods Manifest.lock */ = {
			isa = PBXShellScriptBuildPhase;
			buildActionMask = 2147483647;
			files = (
			);
			inputFileListPaths = (
			);
			inputPaths = (
				"${PODS_PODFILE_DIR_PATH}/Podfile.lock",
				"${PODS_ROOT}/Manifest.lock",
			);
			name = "[CP] Check Pods Manifest.lock";
			outputFileListPaths = (
			);
			outputPaths = (
				"$(DERIVED_FILE_DIR)/Pods-flash (macOS)-checkManifestLockResult.txt",
			);
			runOnlyForDeploymentPostprocessing = 0;
			shellPath = /bin/sh;
			shellScript = "diff \"${PODS_PODFILE_DIR_PATH}/Podfile.lock\" \"${PODS_ROOT}/Manifest.lock\" > /dev/null\nif [ $? != 0 ] ; then\n    # print error to STDERR\n    echo \"error: The sandbox is not in sync with the Podfile.lock. Run 'pod install' or update your CocoaPods installation.\" >&2\n    exit 1\nfi\n# This output is used by Xcode 'outputs' to avoid re-running this script phase.\necho \"SUCCESS\" > \"${SCRIPT_OUTPUT_FILE_0}\"\n";
			showEnvVarsInLog = 0;
		};
		E506FA8AE4D801FBDAA49E2E /* [CP] Embed Pods Frameworks */ = {
			isa = PBXShellScriptBuildPhase;
			buildActionMask = 2147483647;
			files = (
			);
			inputFileListPaths = (
				"${PODS_ROOT}/Target Support Files/Pods-flash (iOS)/Pods-flash (iOS)-frameworks-${CONFIGURATION}-input-files.xcfilelist",
			);
			name = "[CP] Embed Pods Frameworks";
			outputFileListPaths = (
				"${PODS_ROOT}/Target Support Files/Pods-flash (iOS)/Pods-flash (iOS)-frameworks-${CONFIGURATION}-output-files.xcfilelist",
			);
			runOnlyForDeploymentPostprocessing = 0;
			shellPath = /bin/sh;
			shellScript = "\"${PODS_ROOT}/Target Support Files/Pods-flash (iOS)/Pods-flash (iOS)-frameworks.sh\"\n";
			showEnvVarsInLog = 0;
		};
/* End PBXShellScriptBuildPhase section */

/* Begin PBXSourcesBuildPhase section */
		50696FF2283874FE00CB464A /* Sources */ = {
			isa = PBXSourcesBuildPhase;
			buildActionMask = 2147483647;
			files = (
				505BA7692838921000796AA6 /* Entry.swift in Sources */,
				50696FF9283874FE00CB464A /* ShareViewController.swift in Sources */,
				505BA76D2839D97900796AA6 /* Extentions.swift in Sources */,
				505BA76C2839D96D00796AA6 /* ImageProcessor.swift in Sources */,
				505BA76A2838921500796AA6 /* RealmManager.swift in Sources */,
			);
			runOnlyForDeploymentPostprocessing = 0;
		};
		50AC43D0281BACEA0033E148 /* Sources */ = {
			isa = PBXSourcesBuildPhase;
			buildActionMask = 2147483647;
			files = (
				50D9C3592826328300AC4E89 /* RealmManager.swift in Sources */,
				501D999C282C8AF0009022E0 /* EntryReplies.swift in Sources */,
				50D9C37D2828F1FD00AC4E89 /* PickImageButton.swift in Sources */,
				508F1401282E1A7E006C92DB /* ImageProcessor.swift in Sources */,
				5002214E281D7145009D9A4E /* EntryRow.swift in Sources */,
				50D9C384282A292100AC4E89 /* ImagePickerView.swift in Sources */,
				5002216C2821217D009D9A4E /* EntryDetail.swift in Sources */,
				50AC43F5281BACEA0033E148 /* flashApp.swift in Sources */,
				50022159281D8CD0009D9A4E /* EmptyEntry.swift in Sources */,
				501D9993282C0B09009022E0 /* IconButton.swift in Sources */,
				50022142281BAE38009D9A4E /* EntryList.swift in Sources */,
				50022145281BAE4B009D9A4E /* Entry.swift in Sources */,
				50D9C3782828DBE800AC4E89 /* EditorViewModel.swift in Sources */,
				50D9C3602826C14000AC4E89 /* EntryContent.swift in Sources */,
				50696FDC2836283500CB464A /* UpdateEditor.swift in Sources */,
				5002214B281C0220009D9A4E /* EntryEditor.swift in Sources */,
				50D9C3632826C35C00AC4E89 /* Thread.swift in Sources */,
				50022156281D8C7D009D9A4E /* Home.swift in Sources */,
				50022152281D72B7009D9A4E /* Extentions.swift in Sources */,
				50D9C3762828D59000AC4E89 /* SendButton.swift in Sources */,
				50D9C3802828FBEE00AC4E89 /* TextInput.swift in Sources */,
				509497452834C38F00A778E5 /* ImagePreviewList.swift in Sources */,
				507EE7402832695600FB7589 /* Thumbnail.swift in Sources */,
			);
			runOnlyForDeploymentPostprocessing = 0;
		};
		50AC43D6281BACEA0033E148 /* Sources */ = {
			isa = PBXSourcesBuildPhase;
			buildActionMask = 2147483647;
			files = (
				50D9C3702827781300AC4E89 /* EntryDetail.swift in Sources */,
				50D9C35A2826328300AC4E89 /* RealmManager.swift in Sources */,
				50D9C373282778E000AC4E89 /* EntryRow.swift in Sources */,
				508F1402282E1A7E006C92DB /* ImageProcessor.swift in Sources */,
				50D9C3722827785700AC4E89 /* Thread.swift in Sources */,
				50AC43F6281BACEA0033E148 /* flashApp.swift in Sources */,
				50022146281BAE4B009D9A4E /* Entry.swift in Sources */,
				50D9C36D2827706800AC4E89 /* Home.swift in Sources */,
				50D9C36F282770ED00AC4E89 /* EntryEditor.swift in Sources */,
				50022153281D72B7009D9A4E /* Extentions.swift in Sources */,
				50D9C3712827782100AC4E89 /* EntryContent.swift in Sources */,
				50D9C36928276F4700AC4E89 /* EntryList.swift in Sources */,
			);
			runOnlyForDeploymentPostprocessing = 0;
		};
		50AC43DD281BACEA0033E148 /* Sources */ = {
			isa = PBXSourcesBuildPhase;
			buildActionMask = 2147483647;
			files = (
				50CD797C283DFAA5008EFD9A /* Entry.swift in Sources */,
				50CD797D283DFAAB008EFD9A /* RealmManager.swift in Sources */,
				50CD797E283DFAD3008EFD9A /* Extentions.swift in Sources */,
				50AC43E8281BACEA0033E148 /* Tests_iOSLaunchTests.swift in Sources */,
				50CD797F283DFAD6008EFD9A /* ImageProcessor.swift in Sources */,
				50AC43E6281BACEA0033E148 /* Tests_RealmManager.swift in Sources */,
			);
			runOnlyForDeploymentPostprocessing = 0;
		};
		50AC43E9281BACEA0033E148 /* Sources */ = {
			isa = PBXSourcesBuildPhase;
			buildActionMask = 2147483647;
			files = (
				50AC43F4281BACEA0033E148 /* Tests_macOSLaunchTests.swift in Sources */,
				50AC43F2281BACEA0033E148 /* Tests_macOS.swift in Sources */,
			);
			runOnlyForDeploymentPostprocessing = 0;
		};
/* End PBXSourcesBuildPhase section */

/* Begin PBXTargetDependency section */
		50696FFF283874FE00CB464A /* PBXTargetDependency */ = {
			isa = PBXTargetDependency;
			target = 50696FF5283874FE00CB464A /* Share */;
			targetProxy = 50696FFE283874FE00CB464A /* PBXContainerItemProxy */;
		};
		50AC43E3281BACEA0033E148 /* PBXTargetDependency */ = {
			isa = PBXTargetDependency;
			target = 50AC43D3281BACEA0033E148 /* flash (iOS) */;
			targetProxy = 50AC43E2281BACEA0033E148 /* PBXContainerItemProxy */;
		};
		50AC43EF281BACEA0033E148 /* PBXTargetDependency */ = {
			isa = PBXTargetDependency;
			target = 50AC43D9281BACEA0033E148 /* flash (macOS) */;
			targetProxy = 50AC43EE281BACEA0033E148 /* PBXContainerItemProxy */;
		};
/* End PBXTargetDependency section */

/* Begin PBXVariantGroup section */
		50696FFA283874FE00CB464A /* MainInterface.storyboard */ = {
			isa = PBXVariantGroup;
			children = (
				50696FFB283874FE00CB464A /* Base */,
			);
			name = MainInterface.storyboard;
			sourceTree = "<group>";
		};
/* End PBXVariantGroup section */

/* Begin XCBuildConfiguration section */
		50697002283874FE00CB464A /* Debug */ = {
			isa = XCBuildConfiguration;
			baseConfigurationReference = C5B70B03FF1D518950C36326 /* Pods-Share.debug.xcconfig */;
			buildSettings = {
				CODE_SIGN_ENTITLEMENTS = Share/Share.entitlements;
				CODE_SIGN_STYLE = Automatic;
				CURRENT_PROJECT_VERSION = 1;
				DEVELOPMENT_TEAM = WX2JA5FWNQ;
				GENERATE_INFOPLIST_FILE = YES;
				INFOPLIST_FILE = Share/Info.plist;
				INFOPLIST_KEY_CFBundleDisplayName = Share;
				INFOPLIST_KEY_NSHumanReadableCopyright = "";
				IPHONEOS_DEPLOYMENT_TARGET = 14.0;
				LD_RUNPATH_SEARCH_PATHS = (
					"$(inherited)",
					"@executable_path/Frameworks",
					"@executable_path/../../Frameworks",
				);
				MARKETING_VERSION = 1.0;
				PRODUCT_BUNDLE_IDENTIFIER = com.maxos.flash.Share;
				PRODUCT_NAME = "$(TARGET_NAME)";
				SDKROOT = iphoneos;
				SKIP_INSTALL = YES;
				SWIFT_EMIT_LOC_STRINGS = YES;
				SWIFT_VERSION = 5.0;
				TARGETED_DEVICE_FAMILY = "1,2";
			};
			name = Debug;
		};
		50697003283874FE00CB464A /* Release */ = {
			isa = XCBuildConfiguration;
			baseConfigurationReference = 24E6407F1067C08E6823F33C /* Pods-Share.release.xcconfig */;
			buildSettings = {
				CODE_SIGN_ENTITLEMENTS = Share/Share.entitlements;
				CODE_SIGN_STYLE = Automatic;
				CURRENT_PROJECT_VERSION = 1;
				DEVELOPMENT_TEAM = WX2JA5FWNQ;
				GENERATE_INFOPLIST_FILE = YES;
				INFOPLIST_FILE = Share/Info.plist;
				INFOPLIST_KEY_CFBundleDisplayName = Share;
				INFOPLIST_KEY_NSHumanReadableCopyright = "";
				IPHONEOS_DEPLOYMENT_TARGET = 14.0;
				LD_RUNPATH_SEARCH_PATHS = (
					"$(inherited)",
					"@executable_path/Frameworks",
					"@executable_path/../../Frameworks",
				);
				MARKETING_VERSION = 1.0;
				PRODUCT_BUNDLE_IDENTIFIER = com.maxos.flash.Share;
				PRODUCT_NAME = "$(TARGET_NAME)";
				SDKROOT = iphoneos;
				SKIP_INSTALL = YES;
				SWIFT_EMIT_LOC_STRINGS = YES;
				SWIFT_VERSION = 5.0;
				TARGETED_DEVICE_FAMILY = "1,2";
				VALIDATE_PRODUCT = YES;
			};
			name = Release;
		};
		50AC43FB281BACEA0033E148 /* Debug */ = {
			isa = XCBuildConfiguration;
			buildSettings = {
				ALWAYS_SEARCH_USER_PATHS = NO;
				CLANG_ANALYZER_NONNULL = YES;
				CLANG_ANALYZER_NUMBER_OBJECT_CONVERSION = YES_AGGRESSIVE;
				CLANG_CXX_LANGUAGE_STANDARD = "gnu++17";
				CLANG_ENABLE_MODULES = YES;
				CLANG_ENABLE_OBJC_ARC = YES;
				CLANG_ENABLE_OBJC_WEAK = YES;
				CLANG_WARN_BLOCK_CAPTURE_AUTORELEASING = YES;
				CLANG_WARN_BOOL_CONVERSION = YES;
				CLANG_WARN_COMMA = YES;
				CLANG_WARN_CONSTANT_CONVERSION = YES;
				CLANG_WARN_DEPRECATED_OBJC_IMPLEMENTATIONS = YES;
				CLANG_WARN_DIRECT_OBJC_ISA_USAGE = YES_ERROR;
				CLANG_WARN_DOCUMENTATION_COMMENTS = YES;
				CLANG_WARN_EMPTY_BODY = YES;
				CLANG_WARN_ENUM_CONVERSION = YES;
				CLANG_WARN_INFINITE_RECURSION = YES;
				CLANG_WARN_INT_CONVERSION = YES;
				CLANG_WARN_NON_LITERAL_NULL_CONVERSION = YES;
				CLANG_WARN_OBJC_IMPLICIT_RETAIN_SELF = YES;
				CLANG_WARN_OBJC_LITERAL_CONVERSION = YES;
				CLANG_WARN_OBJC_ROOT_CLASS = YES_ERROR;
				CLANG_WARN_QUOTED_INCLUDE_IN_FRAMEWORK_HEADER = YES;
				CLANG_WARN_RANGE_LOOP_ANALYSIS = YES;
				CLANG_WARN_STRICT_PROTOTYPES = YES;
				CLANG_WARN_SUSPICIOUS_MOVE = YES;
				CLANG_WARN_UNGUARDED_AVAILABILITY = YES_AGGRESSIVE;
				CLANG_WARN_UNREACHABLE_CODE = YES;
				CLANG_WARN__DUPLICATE_METHOD_MATCH = YES;
				COPY_PHASE_STRIP = NO;
				DEBUG_INFORMATION_FORMAT = dwarf;
				ENABLE_STRICT_OBJC_MSGSEND = YES;
				ENABLE_TESTABILITY = YES;
				GCC_C_LANGUAGE_STANDARD = gnu11;
				GCC_DYNAMIC_NO_PIC = NO;
				GCC_NO_COMMON_BLOCKS = YES;
				GCC_OPTIMIZATION_LEVEL = 0;
				GCC_PREPROCESSOR_DEFINITIONS = (
					"DEBUG=1",
					"$(inherited)",
				);
				GCC_WARN_64_TO_32_BIT_CONVERSION = YES;
				GCC_WARN_ABOUT_RETURN_TYPE = YES_ERROR;
				GCC_WARN_UNDECLARED_SELECTOR = YES;
				GCC_WARN_UNINITIALIZED_AUTOS = YES_AGGRESSIVE;
				GCC_WARN_UNUSED_FUNCTION = YES;
				GCC_WARN_UNUSED_VARIABLE = YES;
				IPHONEOS_DEPLOYMENT_TARGET = 14.0;
				MACOSX_DEPLOYMENT_TARGET = 11.0;
				MTL_ENABLE_DEBUG_INFO = INCLUDE_SOURCE;
				MTL_FAST_MATH = YES;
				ONLY_ACTIVE_ARCH = YES;
				SWIFT_ACTIVE_COMPILATION_CONDITIONS = DEBUG;
				SWIFT_OPTIMIZATION_LEVEL = "-Onone";
			};
			name = Debug;
		};
		50AC43FC281BACEA0033E148 /* Release */ = {
			isa = XCBuildConfiguration;
			buildSettings = {
				ALWAYS_SEARCH_USER_PATHS = NO;
				CLANG_ANALYZER_NONNULL = YES;
				CLANG_ANALYZER_NUMBER_OBJECT_CONVERSION = YES_AGGRESSIVE;
				CLANG_CXX_LANGUAGE_STANDARD = "gnu++17";
				CLANG_ENABLE_MODULES = YES;
				CLANG_ENABLE_OBJC_ARC = YES;
				CLANG_ENABLE_OBJC_WEAK = YES;
				CLANG_WARN_BLOCK_CAPTURE_AUTORELEASING = YES;
				CLANG_WARN_BOOL_CONVERSION = YES;
				CLANG_WARN_COMMA = YES;
				CLANG_WARN_CONSTANT_CONVERSION = YES;
				CLANG_WARN_DEPRECATED_OBJC_IMPLEMENTATIONS = YES;
				CLANG_WARN_DIRECT_OBJC_ISA_USAGE = YES_ERROR;
				CLANG_WARN_DOCUMENTATION_COMMENTS = YES;
				CLANG_WARN_EMPTY_BODY = YES;
				CLANG_WARN_ENUM_CONVERSION = YES;
				CLANG_WARN_INFINITE_RECURSION = YES;
				CLANG_WARN_INT_CONVERSION = YES;
				CLANG_WARN_NON_LITERAL_NULL_CONVERSION = YES;
				CLANG_WARN_OBJC_IMPLICIT_RETAIN_SELF = YES;
				CLANG_WARN_OBJC_LITERAL_CONVERSION = YES;
				CLANG_WARN_OBJC_ROOT_CLASS = YES_ERROR;
				CLANG_WARN_QUOTED_INCLUDE_IN_FRAMEWORK_HEADER = YES;
				CLANG_WARN_RANGE_LOOP_ANALYSIS = YES;
				CLANG_WARN_STRICT_PROTOTYPES = YES;
				CLANG_WARN_SUSPICIOUS_MOVE = YES;
				CLANG_WARN_UNGUARDED_AVAILABILITY = YES_AGGRESSIVE;
				CLANG_WARN_UNREACHABLE_CODE = YES;
				CLANG_WARN__DUPLICATE_METHOD_MATCH = YES;
				COPY_PHASE_STRIP = NO;
				DEBUG_INFORMATION_FORMAT = "dwarf-with-dsym";
				ENABLE_NS_ASSERTIONS = NO;
				ENABLE_STRICT_OBJC_MSGSEND = YES;
				GCC_C_LANGUAGE_STANDARD = gnu11;
				GCC_NO_COMMON_BLOCKS = YES;
				GCC_WARN_64_TO_32_BIT_CONVERSION = YES;
				GCC_WARN_ABOUT_RETURN_TYPE = YES_ERROR;
				GCC_WARN_UNDECLARED_SELECTOR = YES;
				GCC_WARN_UNINITIALIZED_AUTOS = YES_AGGRESSIVE;
				GCC_WARN_UNUSED_FUNCTION = YES;
				GCC_WARN_UNUSED_VARIABLE = YES;
				IPHONEOS_DEPLOYMENT_TARGET = 14.0;
				MACOSX_DEPLOYMENT_TARGET = 11.0;
				MTL_ENABLE_DEBUG_INFO = NO;
				MTL_FAST_MATH = YES;
				SWIFT_COMPILATION_MODE = wholemodule;
				SWIFT_OPTIMIZATION_LEVEL = "-O";
			};
			name = Release;
		};
		50AC43FE281BACEA0033E148 /* Debug */ = {
			isa = XCBuildConfiguration;
			baseConfigurationReference = 6BC0FC6FC3738DFB84D13D01 /* Pods-flash (iOS).debug.xcconfig */;
			buildSettings = {
				ALWAYS_EMBED_SWIFT_STANDARD_LIBRARIES = YES;
				ASSETCATALOG_COMPILER_APPICON_NAME = AppIcon;
				ASSETCATALOG_COMPILER_GLOBAL_ACCENT_COLOR_NAME = AccentColor;
				CODE_SIGN_STYLE = Automatic;
				CURRENT_PROJECT_VERSION = 1;
				DEVELOPMENT_TEAM = WX2JA5FWNQ;
				ENABLE_PREVIEWS = YES;
				GENERATE_INFOPLIST_FILE = YES;
				INFOPLIST_FILE = "flash--iOS--Info.plist";
				INFOPLIST_KEY_CFBundleDisplayName = Flash;
				INFOPLIST_KEY_UIApplicationSceneManifest_Generation = YES;
				INFOPLIST_KEY_UIApplicationSupportsIndirectInputEvents = YES;
				INFOPLIST_KEY_UILaunchScreen_Generation = YES;
				INFOPLIST_KEY_UISupportedInterfaceOrientations = UIInterfaceOrientationPortrait;
				INFOPLIST_KEY_UISupportedInterfaceOrientations_iPad = "UIInterfaceOrientationPortrait UIInterfaceOrientationPortraitUpsideDown UIInterfaceOrientationLandscapeLeft UIInterfaceOrientationLandscapeRight";
				INFOPLIST_KEY_UISupportedInterfaceOrientations_iPhone = "UIInterfaceOrientationPortrait UIInterfaceOrientationLandscapeLeft UIInterfaceOrientationLandscapeRight";
				IPHONEOS_DEPLOYMENT_TARGET = 14.0;
				LD_RUNPATH_SEARCH_PATHS = (
					"$(inherited)",
					"@executable_path/Frameworks",
				);
				MARKETING_VERSION = 1.0;
				PRODUCT_BUNDLE_IDENTIFIER = com.maxos.flash;
				PRODUCT_NAME = flash;
				SDKROOT = iphoneos;
				SWIFT_EMIT_LOC_STRINGS = YES;
				SWIFT_VERSION = 5.0;
				TARGETED_DEVICE_FAMILY = 1;
			};
			name = Debug;
		};
		50AC43FF281BACEA0033E148 /* Release */ = {
			isa = XCBuildConfiguration;
			baseConfigurationReference = 91F6FD985F953BC0AD1B3302 /* Pods-flash (iOS).release.xcconfig */;
			buildSettings = {
				ALWAYS_EMBED_SWIFT_STANDARD_LIBRARIES = YES;
				ASSETCATALOG_COMPILER_APPICON_NAME = AppIcon;
				ASSETCATALOG_COMPILER_GLOBAL_ACCENT_COLOR_NAME = AccentColor;
				CODE_SIGN_ENTITLEMENTS = "flash (iOS)Release.entitlements";
				CODE_SIGN_STYLE = Automatic;
				CURRENT_PROJECT_VERSION = 1;
				DEVELOPMENT_TEAM = WX2JA5FWNQ;
				ENABLE_PREVIEWS = YES;
				GENERATE_INFOPLIST_FILE = YES;
				INFOPLIST_FILE = "flash--iOS--Info.plist";
				INFOPLIST_KEY_CFBundleDisplayName = Flash;
				INFOPLIST_KEY_UIApplicationSceneManifest_Generation = YES;
				INFOPLIST_KEY_UIApplicationSupportsIndirectInputEvents = YES;
				INFOPLIST_KEY_UILaunchScreen_Generation = YES;
				INFOPLIST_KEY_UISupportedInterfaceOrientations = UIInterfaceOrientationPortrait;
				INFOPLIST_KEY_UISupportedInterfaceOrientations_iPad = "UIInterfaceOrientationPortrait UIInterfaceOrientationPortraitUpsideDown UIInterfaceOrientationLandscapeLeft UIInterfaceOrientationLandscapeRight";
				INFOPLIST_KEY_UISupportedInterfaceOrientations_iPhone = "UIInterfaceOrientationPortrait UIInterfaceOrientationLandscapeLeft UIInterfaceOrientationLandscapeRight";
				IPHONEOS_DEPLOYMENT_TARGET = 14.0;
				LD_RUNPATH_SEARCH_PATHS = (
					"$(inherited)",
					"@executable_path/Frameworks",
				);
				MARKETING_VERSION = 1.0;
				PRODUCT_BUNDLE_IDENTIFIER = com.maxos.flash;
				PRODUCT_NAME = flash;
				SDKROOT = iphoneos;
				SWIFT_EMIT_LOC_STRINGS = YES;
				SWIFT_VERSION = 5.0;
				TARGETED_DEVICE_FAMILY = 1;
				VALIDATE_PRODUCT = YES;
			};
			name = Release;
		};
		50AC4401281BACEA0033E148 /* Debug */ = {
			isa = XCBuildConfiguration;
			baseConfigurationReference = 54734CB2C02CE687BEE3B0AB /* Pods-flash (macOS).debug.xcconfig */;
			buildSettings = {
				ASSETCATALOG_COMPILER_APPICON_NAME = AppIcon;
				ASSETCATALOG_COMPILER_GLOBAL_ACCENT_COLOR_NAME = AccentColor;
				CODE_SIGN_ENTITLEMENTS = macOS/macOS.entitlements;
				CODE_SIGN_IDENTITY = "-";
				CODE_SIGN_STYLE = Automatic;
				COMBINE_HIDPI_IMAGES = YES;
				CURRENT_PROJECT_VERSION = 1;
				DEVELOPMENT_TEAM = WX2JA5FWNQ;
				ENABLE_HARDENED_RUNTIME = YES;
				ENABLE_PREVIEWS = YES;
				GENERATE_INFOPLIST_FILE = YES;
				INFOPLIST_KEY_NSHumanReadableCopyright = "";
				LD_RUNPATH_SEARCH_PATHS = (
					"$(inherited)",
					"@executable_path/../Frameworks",
				);
				MACOSX_DEPLOYMENT_TARGET = 11.0;
				MARKETING_VERSION = 1.0;
				PRODUCT_BUNDLE_IDENTIFIER = com.maxos.flash;
				PRODUCT_NAME = flash;
				SDKROOT = macosx;
				SWIFT_EMIT_LOC_STRINGS = YES;
				SWIFT_VERSION = 5.0;
			};
			name = Debug;
		};
		50AC4402281BACEA0033E148 /* Release */ = {
			isa = XCBuildConfiguration;
			baseConfigurationReference = DA6AEA625262CD78947A09B4 /* Pods-flash (macOS).release.xcconfig */;
			buildSettings = {
				ASSETCATALOG_COMPILER_APPICON_NAME = AppIcon;
				ASSETCATALOG_COMPILER_GLOBAL_ACCENT_COLOR_NAME = AccentColor;
				CODE_SIGN_ENTITLEMENTS = macOS/macOS.entitlements;
				CODE_SIGN_IDENTITY = "-";
				CODE_SIGN_STYLE = Automatic;
				COMBINE_HIDPI_IMAGES = YES;
				CURRENT_PROJECT_VERSION = 1;
				DEVELOPMENT_TEAM = WX2JA5FWNQ;
				ENABLE_HARDENED_RUNTIME = YES;
				ENABLE_PREVIEWS = YES;
				GENERATE_INFOPLIST_FILE = YES;
				INFOPLIST_KEY_NSHumanReadableCopyright = "";
				LD_RUNPATH_SEARCH_PATHS = (
					"$(inherited)",
					"@executable_path/../Frameworks",
				);
				MACOSX_DEPLOYMENT_TARGET = 11.0;
				MARKETING_VERSION = 1.0;
				PRODUCT_BUNDLE_IDENTIFIER = com.maxos.flash;
				PRODUCT_NAME = flash;
				SDKROOT = macosx;
				SWIFT_EMIT_LOC_STRINGS = YES;
				SWIFT_VERSION = 5.0;
			};
			name = Release;
		};
		50AC4404281BACEA0033E148 /* Debug */ = {
			isa = XCBuildConfiguration;
			baseConfigurationReference = 882C4A8389D9EBB9FB57A751 /* Pods-Tests iOS.debug.xcconfig */;
			buildSettings = {
				ALWAYS_EMBED_SWIFT_STANDARD_LIBRARIES = YES;
				CODE_SIGN_STYLE = Automatic;
				CURRENT_PROJECT_VERSION = 1;
				DEVELOPMENT_TEAM = WX2JA5FWNQ;
				GENERATE_INFOPLIST_FILE = YES;
				IPHONEOS_DEPLOYMENT_TARGET = 15.4;
				MARKETING_VERSION = 1.0;
				PRODUCT_BUNDLE_IDENTIFIER = "com.maxos.Tests-iOS";
				PRODUCT_NAME = "$(TARGET_NAME)";
				SDKROOT = iphoneos;
				SWIFT_EMIT_LOC_STRINGS = NO;
				SWIFT_VERSION = 5.0;
				TARGETED_DEVICE_FAMILY = "1,2";
				TEST_TARGET_NAME = "flash (iOS)";
			};
			name = Debug;
		};
		50AC4405281BACEA0033E148 /* Release */ = {
			isa = XCBuildConfiguration;
			baseConfigurationReference = 2B3B462F179DAEAAEE4DA42E /* Pods-Tests iOS.release.xcconfig */;
			buildSettings = {
				ALWAYS_EMBED_SWIFT_STANDARD_LIBRARIES = YES;
				CODE_SIGN_STYLE = Automatic;
				CURRENT_PROJECT_VERSION = 1;
				DEVELOPMENT_TEAM = WX2JA5FWNQ;
				GENERATE_INFOPLIST_FILE = YES;
				IPHONEOS_DEPLOYMENT_TARGET = 15.4;
				MARKETING_VERSION = 1.0;
				PRODUCT_BUNDLE_IDENTIFIER = "com.maxos.Tests-iOS";
				PRODUCT_NAME = "$(TARGET_NAME)";
				SDKROOT = iphoneos;
				SWIFT_EMIT_LOC_STRINGS = NO;
				SWIFT_VERSION = 5.0;
				TARGETED_DEVICE_FAMILY = "1,2";
				TEST_TARGET_NAME = "flash (iOS)";
				VALIDATE_PRODUCT = YES;
			};
			name = Release;
		};
		50AC4407281BACEA0033E148 /* Debug */ = {
			isa = XCBuildConfiguration;
			buildSettings = {
				ALWAYS_EMBED_SWIFT_STANDARD_LIBRARIES = YES;
				CODE_SIGN_STYLE = Automatic;
				CURRENT_PROJECT_VERSION = 1;
				DEVELOPMENT_TEAM = WX2JA5FWNQ;
				GENERATE_INFOPLIST_FILE = YES;
				MACOSX_DEPLOYMENT_TARGET = 12.3;
				MARKETING_VERSION = 1.0;
				PRODUCT_BUNDLE_IDENTIFIER = "com.maxos.Tests-macOS";
				PRODUCT_NAME = "$(TARGET_NAME)";
				SDKROOT = macosx;
				SWIFT_EMIT_LOC_STRINGS = NO;
				SWIFT_VERSION = 5.0;
				TEST_TARGET_NAME = "flash (macOS)";
			};
			name = Debug;
		};
		50AC4408281BACEA0033E148 /* Release */ = {
			isa = XCBuildConfiguration;
			buildSettings = {
				ALWAYS_EMBED_SWIFT_STANDARD_LIBRARIES = YES;
				CODE_SIGN_STYLE = Automatic;
				CURRENT_PROJECT_VERSION = 1;
				DEVELOPMENT_TEAM = WX2JA5FWNQ;
				GENERATE_INFOPLIST_FILE = YES;
				MACOSX_DEPLOYMENT_TARGET = 12.3;
				MARKETING_VERSION = 1.0;
				PRODUCT_BUNDLE_IDENTIFIER = "com.maxos.Tests-macOS";
				PRODUCT_NAME = "$(TARGET_NAME)";
				SDKROOT = macosx;
				SWIFT_EMIT_LOC_STRINGS = NO;
				SWIFT_VERSION = 5.0;
				TEST_TARGET_NAME = "flash (macOS)";
			};
			name = Release;
		};
/* End XCBuildConfiguration section */

/* Begin XCConfigurationList section */
		50697001283874FE00CB464A /* Build configuration list for PBXNativeTarget "Share" */ = {
			isa = XCConfigurationList;
			buildConfigurations = (
				50697002283874FE00CB464A /* Debug */,
				50697003283874FE00CB464A /* Release */,
			);
			defaultConfigurationIsVisible = 0;
			defaultConfigurationName = Release;
		};
		50AC43CB281BACE90033E148 /* Build configuration list for PBXProject "flash" */ = {
			isa = XCConfigurationList;
			buildConfigurations = (
				50AC43FB281BACEA0033E148 /* Debug */,
				50AC43FC281BACEA0033E148 /* Release */,
			);
			defaultConfigurationIsVisible = 0;
			defaultConfigurationName = Release;
		};
		50AC43FD281BACEA0033E148 /* Build configuration list for PBXNativeTarget "flash (iOS)" */ = {
			isa = XCConfigurationList;
			buildConfigurations = (
				50AC43FE281BACEA0033E148 /* Debug */,
				50AC43FF281BACEA0033E148 /* Release */,
			);
			defaultConfigurationIsVisible = 0;
			defaultConfigurationName = Release;
		};
		50AC4400281BACEA0033E148 /* Build configuration list for PBXNativeTarget "flash (macOS)" */ = {
			isa = XCConfigurationList;
			buildConfigurations = (
				50AC4401281BACEA0033E148 /* Debug */,
				50AC4402281BACEA0033E148 /* Release */,
			);
			defaultConfigurationIsVisible = 0;
			defaultConfigurationName = Release;
		};
		50AC4403281BACEA0033E148 /* Build configuration list for PBXNativeTarget "Tests iOS" */ = {
			isa = XCConfigurationList;
			buildConfigurations = (
				50AC4404281BACEA0033E148 /* Debug */,
				50AC4405281BACEA0033E148 /* Release */,
			);
			defaultConfigurationIsVisible = 0;
			defaultConfigurationName = Release;
		};
		50AC4406281BACEA0033E148 /* Build configuration list for PBXNativeTarget "Tests macOS" */ = {
			isa = XCConfigurationList;
			buildConfigurations = (
				50AC4407281BACEA0033E148 /* Debug */,
				50AC4408281BACEA0033E148 /* Release */,
			);
			defaultConfigurationIsVisible = 0;
			defaultConfigurationName = Release;
		};
/* End XCConfigurationList section */
	};
	rootObject = 50AC43C8281BACE90033E148 /* Project object */;
}
